
Microsoft Visual Studio Solution File, Format Version 12.00
# Visual Studio 14
VisualStudioVersion = 14.0.23107.0
MinimumVisualStudioVersion = 10.0.40219.1
Project("{FAE04EC0-301F-11D3-BF4B-00C04F79EFBC}") = "SimulateAsyncOperation", "SimulateAsyncOperation\SimulateAsyncOperation.csproj", "{91F3DBFE-23F3-425B-8489-A790F8956B0B}"
EndProject
Project("{FAE04EC0-301F-11D3-BF4B-00C04F79EFBC}") = "AsyncWalkthrough", "AsyncWalkthrough\AsyncWalkthrough.csproj", "{C572A524-3958-47D9-B0DE-EC81EC0B7757}"
EndProject
Project("{FAE04EC0-301F-11D3-BF4B-00C04F79EFBC}") = "SyncWalkthrough", "SyncWalkthrough\SyncWalkthrough.csproj", "{B7961F7B-DBCA-4B16-8056-48E0B9FA7170}"
EndProject
Project("{FAE04EC0-301F-11D3-BF4B-00C04F79EFBC}") = "SimulateAsyncOperationTests", "SimulateAsyncOperationTests\SimulateAsyncOperationTests.csproj", "{A7711945-700F-45CF-841F-AC889EDD2713}"
EndProject
Project("{FAE04EC0-301F-11D3-BF4B-00C04F79EFBC}") = "ShowIAsyncResultPattern", "ShowIAsyncResultPattern\ShowIAsyncResultPattern.csproj", "{7F16D142-AF07-4B82-8402-155280DFE830}"
EndProject
Project("{FAE04EC0-301F-11D3-BF4B-00C04F79EFBC}") = "ShowDebugging", "ShowDebugging\ShowDebugging.csproj", "{4A4B4C05-EE1C-4190-8FAF-C013C52794DA}"
EndProject
Global
	GlobalSection(SolutionConfigurationPlatforms) = preSolution
		Debug|Any CPU = Debug|Any CPU
		Release|Any CPU = Release|Any CPU
	EndGlobalSection
	GlobalSection(ProjectConfigurationPlatforms) = postSolution
		{91F3DBFE-23F3-425B-8489-A790F8956B0B}.Debug|Any CPU.ActiveCfg = Debug|Any CPU
		{91F3DBFE-23F3-425B-8489-A790F8956B0B}.Debug|Any CPU.Build.0 = Debug|Any CPU
		{91F3DBFE-23F3-425B-8489-A790F8956B0B}.Release|Any CPU.ActiveCfg = Release|Any CPU
		{91F3DBFE-23F3-425B-8489-A790F8956B0B}.Release|Any CPU.Build.0 = Release|Any CPU
		{C572A524-3958-47D9-B0DE-EC81EC0B7757}.Debug|Any CPU.ActiveCfg = Debug|Any CPU
		{C572A524-3958-47D9-B0DE-EC81EC0B7757}.Debug|Any CPU.Build.0 = Debug|Any CPU
		{C572A524-3958-47D9-B0DE-EC81EC0B7757}.Release|Any CPU.ActiveCfg = Release|Any CPU
		{C572A524-3958-47D9-B0DE-EC81EC0B7757}.Release|Any CPU.Build.0 = Release|Any CPU
		{B7961F7B-DBCA-4B16-8056-48E0B9FA7170}.Debug|Any CPU.ActiveCfg = Debug|Any CPU
		{B7961F7B-DBCA-4B16-8056-48E0B9FA7170}.Debug|Any CPU.Build.0 = Debug|Any CPU
		{B7961F7B-DBCA-4B16-8056-48E0B9FA7170}.Release|Any CPU.ActiveCfg = Release|Any CPU
		{B7961F7B-DBCA-4B16-8056-48E0B9FA7170}.Release|Any CPU.Build.0 = Release|Any CPU
		{A7711945-700F-45CF-841F-AC889EDD2713}.Debug|Any CPU.ActiveCfg = Debug|Any CPU
		{A7711945-700F-45CF-841F-AC889EDD2713}.Debug|Any CPU.Build.0 = Debug|Any CPU
		{A7711945-700F-45CF-841F-AC889EDD2713}.Release|Any CPU.ActiveCfg = Release|Any CPU
		{A7711945-700F-45CF-841F-AC889EDD2713}.Release|Any CPU.Build.0 = Release|Any CPU
		{7F16D142-AF07-4B82-8402-155280DFE830}.Debug|Any CPU.ActiveCfg = Debug|Any CPU
		{7F16D142-AF07-4B82-8402-155280DFE830}.Debug|Any CPU.Build.0 = Debug|Any CPU
		{7F16D142-AF07-4B82-8402-155280DFE830}.Release|Any CPU.ActiveCfg = Release|Any CPU
		{7F16D142-AF07-4B82-8402-155280DFE830}.Release|Any CPU.Build.0 = Release|Any CPU
		{4A4B4C05-EE1C-4190-8FAF-C013C52794DA}.Debug|Any CPU.ActiveCfg = Debug|Any CPU
		{4A4B4C05-EE1C-4190-8FAF-C013C52794DA}.Debug|Any CPU.Build.0 = Debug|Any CPU
		{4A4B4C05-EE1C-4190-8FAF-C013C52794DA}.Release|Any CPU.ActiveCfg = Release|Any CPU
		{4A4B4C05-EE1C-4190-8FAF-C013C52794DA}.Release|Any CPU.Build.0 = Release|Any CPU
	EndGlobalSection
	GlobalSection(SolutionProperties) = preSolution
		HideSolutionNode = FALSE
	EndGlobalSection
	GlobalSection(TeamFoundationVersionControl) = preSolution
		SccNumberOfProjects = 7
		SccEnterpriseProvider = {4CA58AB2-18FA-4F8D-95D4-32DDF27D184C}
		SccTeamFoundationServer = https://marcelbindseil.visualstudio.com/defaultcollection
		SccLocalPath0 = .
		SccProjectUniqueName1 = SimulateAsyncOperation\\SimulateAsyncOperation.csproj
		SccProjectName1 = SimulateAsyncOperation
		SccLocalPath1 = SimulateAsyncOperation
		SccProjectUniqueName2 = AsyncWalkthrough\\AsyncWalkthrough.csproj
		SccProjectName2 = AsyncWalkthrough
		SccLocalPath2 = AsyncWalkthrough
		SccProjectUniqueName3 = SyncWalkthrough\\SyncWalkthrough.csproj
		SccProjectName3 = SyncWalkthrough
		SccLocalPath3 = SyncWalkthrough
		SccProjectUniqueName4 = SimulateAsyncOperationTests\\SimulateAsyncOperationTests.csproj
		SccProjectName4 = SimulateAsyncOperationTests
		SccLocalPath4 = SimulateAsyncOperationTests
		SccProjectUniqueName5 = ShowIAsyncResultPattern\\ShowIAsyncResultPattern.csproj
		SccProjectName5 = ShowIAsyncResultPattern
		SccLocalPath5 = ShowIAsyncResultPattern
		SccProjectUniqueName6 = ShowDebugging\\ShowDebugging.csproj
		SccProjectName6 = ShowDebugging
		SccLocalPath6 = ShowDebugging
	EndGlobalSection
EndGlobal
