
Microsoft Visual Studio Solution File, Format Version 12.00
# Visual Studio 2013
VisualStudioVersion = 12.0.30723.0
MinimumVisualStudioVersion = 10.0.40219.1
Project("{FAE04EC0-301F-11D3-BF4B-00C04F79EFBC}") = "MSTest", "MSTest\MSTest.csproj", "{A4C35FCE-0DD3-40C3-A0AB-32560735887D}"
EndProject
Project("{2150E333-8FDC-42A3-9474-1A3956D46DE8}") = ".nuget", ".nuget", "{7639E7BE-FBA3-4BAA-8299-B941E7F4A0CF}"
	ProjectSection(SolutionItems) = preProject
		.nuget\packages.config = .nuget\packages.config
	EndProjectSection
EndProject
Project("{FAE04EC0-301F-11D3-BF4B-00C04F79EFBC}") = "NUnit (2.9.6)", "NUnit (2.9.6)\NUnit (2.9.6).csproj", "{823AE559-65DE-423A-B60D-5633BAB47B4E}"
EndProject
Project("{FAE04EC0-301F-11D3-BF4B-00C04F79EFBC}") = "MSTest (Windows Store)", "MSTest (Windows Store)\MSTest (Windows Store).csproj", "{FA914421-B32A-4DC6-AEA6-F529FB581CE3}"
EndProject
Project("{FAE04EC0-301F-11D3-BF4B-00C04F79EFBC}") = "SystemUnderTest", "SystemUnderTest\SystemUnderTest.csproj", "{7831BE24-59B6-45B7-8EEB-E630A604D172}"
EndProject
Project("{FAE04EC0-301F-11D3-BF4B-00C04F79EFBC}") = "NUnit (2.6.3)", "NUnit (2.6.3)\NUnit (2.6.3).csproj", "{775638AA-55F2-4205-99B9-166C124E1EAD}"
EndProject
Project("{FAE04EC0-301F-11D3-BF4B-00C04F79EFBC}") = "xUnit (1.9)", "xUnit (1.9)\xUnit (1.9).csproj", "{8A02F6D0-2B98-4418-BCB6-5E90A580CAF5}"
EndProject
Project("{FAE04EC0-301F-11D3-BF4B-00C04F79EFBC}") = "xUnit (2.0.0)", "xUnit (2.0.0)\xUnit (2.0.0).csproj", "{F35460BA-9F88-4525-A52C-9E1EA668F7FE}"
EndProject
Project("{FAE04EC0-301F-11D3-BF4B-00C04F79EFBC}") = "MSTest (Stubs)", "MSTest (Stubs)\MSTest (Stubs).csproj", "{3BA60984-835F-413E-8A59-246F2967AFEE}"
EndProject
Global
	GlobalSection(SolutionConfigurationPlatforms) = preSolution
		Debug|Any CPU = Debug|Any CPU
		Debug|ARM = Debug|ARM
		Debug|x64 = Debug|x64
		Debug|x86 = Debug|x86
		Release|Any CPU = Release|Any CPU
		Release|ARM = Release|ARM
		Release|x64 = Release|x64
		Release|x86 = Release|x86
	EndGlobalSection
	GlobalSection(ProjectConfigurationPlatforms) = postSolution
		{A4C35FCE-0DD3-40C3-A0AB-32560735887D}.Debug|Any CPU.ActiveCfg = Debug|Any CPU
		{A4C35FCE-0DD3-40C3-A0AB-32560735887D}.Debug|Any CPU.Build.0 = Debug|Any CPU
		{A4C35FCE-0DD3-40C3-A0AB-32560735887D}.Debug|ARM.ActiveCfg = Debug|Any CPU
		{A4C35FCE-0DD3-40C3-A0AB-32560735887D}.Debug|x64.ActiveCfg = Debug|Any CPU
		{A4C35FCE-0DD3-40C3-A0AB-32560735887D}.Debug|x86.ActiveCfg = Debug|Any CPU
		{A4C35FCE-0DD3-40C3-A0AB-32560735887D}.Release|Any CPU.ActiveCfg = Release|Any CPU
		{A4C35FCE-0DD3-40C3-A0AB-32560735887D}.Release|Any CPU.Build.0 = Release|Any CPU
		{A4C35FCE-0DD3-40C3-A0AB-32560735887D}.Release|ARM.ActiveCfg = Release|Any CPU
		{A4C35FCE-0DD3-40C3-A0AB-32560735887D}.Release|x64.ActiveCfg = Release|Any CPU
		{A4C35FCE-0DD3-40C3-A0AB-32560735887D}.Release|x86.ActiveCfg = Release|Any CPU
		{823AE559-65DE-423A-B60D-5633BAB47B4E}.Debug|Any CPU.ActiveCfg = Debug|Any CPU
		{823AE559-65DE-423A-B60D-5633BAB47B4E}.Debug|Any CPU.Build.0 = Debug|Any CPU
		{823AE559-65DE-423A-B60D-5633BAB47B4E}.Debug|ARM.ActiveCfg = Debug|Any CPU
		{823AE559-65DE-423A-B60D-5633BAB47B4E}.Debug|x64.ActiveCfg = Debug|Any CPU
		{823AE559-65DE-423A-B60D-5633BAB47B4E}.Debug|x86.ActiveCfg = Debug|Any CPU
		{823AE559-65DE-423A-B60D-5633BAB47B4E}.Release|Any CPU.ActiveCfg = Release|Any CPU
		{823AE559-65DE-423A-B60D-5633BAB47B4E}.Release|Any CPU.Build.0 = Release|Any CPU
		{823AE559-65DE-423A-B60D-5633BAB47B4E}.Release|ARM.ActiveCfg = Release|Any CPU
		{823AE559-65DE-423A-B60D-5633BAB47B4E}.Release|x64.ActiveCfg = Release|Any CPU
		{823AE559-65DE-423A-B60D-5633BAB47B4E}.Release|x86.ActiveCfg = Release|Any CPU
		{FA914421-B32A-4DC6-AEA6-F529FB581CE3}.Debug|Any CPU.ActiveCfg = Debug|Any CPU
		{FA914421-B32A-4DC6-AEA6-F529FB581CE3}.Debug|Any CPU.Build.0 = Debug|Any CPU
		{FA914421-B32A-4DC6-AEA6-F529FB581CE3}.Debug|Any CPU.Deploy.0 = Debug|Any CPU
		{FA914421-B32A-4DC6-AEA6-F529FB581CE3}.Debug|ARM.ActiveCfg = Debug|ARM
		{FA914421-B32A-4DC6-AEA6-F529FB581CE3}.Debug|ARM.Build.0 = Debug|ARM
		{FA914421-B32A-4DC6-AEA6-F529FB581CE3}.Debug|ARM.Deploy.0 = Debug|ARM
		{FA914421-B32A-4DC6-AEA6-F529FB581CE3}.Debug|x64.ActiveCfg = Debug|x64
		{FA914421-B32A-4DC6-AEA6-F529FB581CE3}.Debug|x64.Build.0 = Debug|x64
		{FA914421-B32A-4DC6-AEA6-F529FB581CE3}.Debug|x64.Deploy.0 = Debug|x64
		{FA914421-B32A-4DC6-AEA6-F529FB581CE3}.Debug|x86.ActiveCfg = Debug|x86
		{FA914421-B32A-4DC6-AEA6-F529FB581CE3}.Debug|x86.Build.0 = Debug|x86
		{FA914421-B32A-4DC6-AEA6-F529FB581CE3}.Debug|x86.Deploy.0 = Debug|x86
		{FA914421-B32A-4DC6-AEA6-F529FB581CE3}.Release|Any CPU.ActiveCfg = Release|Any CPU
		{FA914421-B32A-4DC6-AEA6-F529FB581CE3}.Release|Any CPU.Build.0 = Release|Any CPU
		{FA914421-B32A-4DC6-AEA6-F529FB581CE3}.Release|Any CPU.Deploy.0 = Release|Any CPU
		{FA914421-B32A-4DC6-AEA6-F529FB581CE3}.Release|ARM.ActiveCfg = Release|ARM
		{FA914421-B32A-4DC6-AEA6-F529FB581CE3}.Release|ARM.Build.0 = Release|ARM
		{FA914421-B32A-4DC6-AEA6-F529FB581CE3}.Release|ARM.Deploy.0 = Release|ARM
		{FA914421-B32A-4DC6-AEA6-F529FB581CE3}.Release|x64.ActiveCfg = Release|x64
		{FA914421-B32A-4DC6-AEA6-F529FB581CE3}.Release|x64.Build.0 = Release|x64
		{FA914421-B32A-4DC6-AEA6-F529FB581CE3}.Release|x64.Deploy.0 = Release|x64
		{FA914421-B32A-4DC6-AEA6-F529FB581CE3}.Release|x86.ActiveCfg = Release|x86
		{FA914421-B32A-4DC6-AEA6-F529FB581CE3}.Release|x86.Build.0 = Release|x86
		{FA914421-B32A-4DC6-AEA6-F529FB581CE3}.Release|x86.Deploy.0 = Release|x86
		{7831BE24-59B6-45B7-8EEB-E630A604D172}.Debug|Any CPU.ActiveCfg = Debug|Any CPU
		{7831BE24-59B6-45B7-8EEB-E630A604D172}.Debug|Any CPU.Build.0 = Debug|Any CPU
		{7831BE24-59B6-45B7-8EEB-E630A604D172}.Debug|ARM.ActiveCfg = Debug|Any CPU
		{7831BE24-59B6-45B7-8EEB-E630A604D172}.Debug|x64.ActiveCfg = Debug|Any CPU
		{7831BE24-59B6-45B7-8EEB-E630A604D172}.Debug|x86.ActiveCfg = Debug|Any CPU
		{7831BE24-59B6-45B7-8EEB-E630A604D172}.Release|Any CPU.ActiveCfg = Release|Any CPU
		{7831BE24-59B6-45B7-8EEB-E630A604D172}.Release|Any CPU.Build.0 = Release|Any CPU
		{7831BE24-59B6-45B7-8EEB-E630A604D172}.Release|ARM.ActiveCfg = Release|Any CPU
		{7831BE24-59B6-45B7-8EEB-E630A604D172}.Release|x64.ActiveCfg = Release|Any CPU
		{7831BE24-59B6-45B7-8EEB-E630A604D172}.Release|x86.ActiveCfg = Release|Any CPU
		{775638AA-55F2-4205-99B9-166C124E1EAD}.Debug|Any CPU.ActiveCfg = Debug|Any CPU
		{775638AA-55F2-4205-99B9-166C124E1EAD}.Debug|Any CPU.Build.0 = Debug|Any CPU
		{775638AA-55F2-4205-99B9-166C124E1EAD}.Debug|ARM.ActiveCfg = Debug|Any CPU
		{775638AA-55F2-4205-99B9-166C124E1EAD}.Debug|x64.ActiveCfg = Debug|Any CPU
		{775638AA-55F2-4205-99B9-166C124E1EAD}.Debug|x86.ActiveCfg = Debug|Any CPU
		{775638AA-55F2-4205-99B9-166C124E1EAD}.Release|Any CPU.ActiveCfg = Release|Any CPU
		{775638AA-55F2-4205-99B9-166C124E1EAD}.Release|Any CPU.Build.0 = Release|Any CPU
		{775638AA-55F2-4205-99B9-166C124E1EAD}.Release|ARM.ActiveCfg = Release|Any CPU
		{775638AA-55F2-4205-99B9-166C124E1EAD}.Release|x64.ActiveCfg = Release|Any CPU
		{775638AA-55F2-4205-99B9-166C124E1EAD}.Release|x86.ActiveCfg = Release|Any CPU
		{8A02F6D0-2B98-4418-BCB6-5E90A580CAF5}.Debug|Any CPU.ActiveCfg = Debug|Any CPU
		{8A02F6D0-2B98-4418-BCB6-5E90A580CAF5}.Debug|Any CPU.Build.0 = Debug|Any CPU
		{8A02F6D0-2B98-4418-BCB6-5E90A580CAF5}.Debug|ARM.ActiveCfg = Debug|Any CPU
		{8A02F6D0-2B98-4418-BCB6-5E90A580CAF5}.Debug|x64.ActiveCfg = Debug|Any CPU
		{8A02F6D0-2B98-4418-BCB6-5E90A580CAF5}.Debug|x86.ActiveCfg = Debug|Any CPU
		{8A02F6D0-2B98-4418-BCB6-5E90A580CAF5}.Release|Any CPU.ActiveCfg = Release|Any CPU
		{8A02F6D0-2B98-4418-BCB6-5E90A580CAF5}.Release|Any CPU.Build.0 = Release|Any CPU
		{8A02F6D0-2B98-4418-BCB6-5E90A580CAF5}.Release|ARM.ActiveCfg = Release|Any CPU
		{8A02F6D0-2B98-4418-BCB6-5E90A580CAF5}.Release|x64.ActiveCfg = Release|Any CPU
		{8A02F6D0-2B98-4418-BCB6-5E90A580CAF5}.Release|x86.ActiveCfg = Release|Any CPU
		{F35460BA-9F88-4525-A52C-9E1EA668F7FE}.Debug|Any CPU.ActiveCfg = Debug|Any CPU
		{F35460BA-9F88-4525-A52C-9E1EA668F7FE}.Debug|Any CPU.Build.0 = Debug|Any CPU
		{F35460BA-9F88-4525-A52C-9E1EA668F7FE}.Debug|ARM.ActiveCfg = Debug|Any CPU
		{F35460BA-9F88-4525-A52C-9E1EA668F7FE}.Debug|x64.ActiveCfg = Debug|Any CPU
		{F35460BA-9F88-4525-A52C-9E1EA668F7FE}.Debug|x86.ActiveCfg = Debug|Any CPU
		{F35460BA-9F88-4525-A52C-9E1EA668F7FE}.Release|Any CPU.ActiveCfg = Release|Any CPU
		{F35460BA-9F88-4525-A52C-9E1EA668F7FE}.Release|Any CPU.Build.0 = Release|Any CPU
		{F35460BA-9F88-4525-A52C-9E1EA668F7FE}.Release|ARM.ActiveCfg = Release|Any CPU
		{F35460BA-9F88-4525-A52C-9E1EA668F7FE}.Release|x64.ActiveCfg = Release|Any CPU
		{F35460BA-9F88-4525-A52C-9E1EA668F7FE}.Release|x86.ActiveCfg = Release|Any CPU
		{3BA60984-835F-413E-8A59-246F2967AFEE}.Debug|Any CPU.ActiveCfg = Debug|Any CPU
		{3BA60984-835F-413E-8A59-246F2967AFEE}.Debug|Any CPU.Build.0 = Debug|Any CPU
		{3BA60984-835F-413E-8A59-246F2967AFEE}.Debug|ARM.ActiveCfg = Debug|Any CPU
		{3BA60984-835F-413E-8A59-246F2967AFEE}.Debug|x64.ActiveCfg = Debug|Any CPU
		{3BA60984-835F-413E-8A59-246F2967AFEE}.Debug|x86.ActiveCfg = Debug|Any CPU
		{3BA60984-835F-413E-8A59-246F2967AFEE}.Release|Any CPU.ActiveCfg = Release|Any CPU
		{3BA60984-835F-413E-8A59-246F2967AFEE}.Release|Any CPU.Build.0 = Release|Any CPU
		{3BA60984-835F-413E-8A59-246F2967AFEE}.Release|ARM.ActiveCfg = Release|Any CPU
		{3BA60984-835F-413E-8A59-246F2967AFEE}.Release|x64.ActiveCfg = Release|Any CPU
		{3BA60984-835F-413E-8A59-246F2967AFEE}.Release|x86.ActiveCfg = Release|Any CPU
	EndGlobalSection
	GlobalSection(SolutionProperties) = preSolution
		HideSolutionNode = FALSE
	EndGlobalSection
EndGlobal
